
Microsoft Visual Studio Solution File, Format Version 12.00
# Visual Studio 16
Project("{FAE04EC0-301F-11D3-BF4B-00C04F79EFBC}") = "Assembly-CSharp", "Assembly-CSharp.csproj", "{CFE9FCB0-6DCA-A47E-7C64-F850BF4E743B}"
EndProject
Global
	GlobalSection(SolutionConfigurationPlatforms) = preSolution
		Debug|Any CPU = Debug|Any CPU
		Release|Any CPU = Release|Any CPU
	EndGlobalSection
	GlobalSection(ProjectConfigurationPlatforms) = postSolution
		{CFE9FCB0-6DCA-A47E-7C64-F850BF4E743B}.Debug|Any CPU.ActiveCfg = Debug|Any CPU
		{CFE9FCB0-6DCA-A47E-7C64-F850BF4E743B}.Debug|Any CPU.Build.0 = Debug|Any CPU
		{CFE9FCB0-6DCA-A47E-7C64-F850BF4E743B}.Release|Any CPU.ActiveCfg = Release|Any CPU
		{CFE9FCB0-6DCA-A47E-7C64-F850BF4E743B}.Release|Any CPU.Build.0 = Release|Any CPU
	EndGlobalSection
	GlobalSection(SolutionProperties) = preSolution
		HideSolutionNode = FALSE
	EndGlobalSection
EndGlobal
